
Microsoft Visual Studio Solution File, Format Version 12.00
# Visual Studio Version 17
VisualStudioVersion = 17.9.34723.18
MinimumVisualStudioVersion = 10.0.40219.1
Project("{FAE04EC0-301F-11D3-BF4B-00C04F79EFBC}") = "SeleniumWebdriver", "SeleniumWebdriver\SeleniumWebdriver.csproj", "{6B367233-C170-4CB9-AA50-1E992F40E986}"
EndProject
Project("{FAE04EC0-301F-11D3-BF4B-00C04F79EFBC}") = "CSharpTutorial", "CSharpTutorial\CSharpTutorial.csproj", "{4B20E1D4-67E4-4281-8C2E-7D767C0C3150}"
EndProject
Global
	GlobalSection(SolutionConfigurationPlatforms) = preSolution
		Debug|Any CPU = Debug|Any CPU
		Release|Any CPU = Release|Any CPU
	EndGlobalSection
	GlobalSection(ProjectConfigurationPlatforms) = postSolution
		{6B367233-C170-4CB9-AA50-1E992F40E986}.Debug|Any CPU.ActiveCfg = Debug|Any CPU
		{6B367233-C170-4CB9-AA50-1E992F40E986}.Debug|Any CPU.Build.0 = Debug|Any CPU
		{6B367233-C170-4CB9-AA50-1E992F40E986}.Release|Any CPU.ActiveCfg = Release|Any CPU
		{6B367233-C170-4CB9-AA50-1E992F40E986}.Release|Any CPU.Build.0 = Release|Any CPU
		{4B20E1D4-67E4-4281-8C2E-7D767C0C3150}.Debug|Any CPU.ActiveCfg = Debug|Any CPU
		{4B20E1D4-67E4-4281-8C2E-7D767C0C3150}.Debug|Any CPU.Build.0 = Debug|Any CPU
		{4B20E1D4-67E4-4281-8C2E-7D767C0C3150}.Release|Any CPU.ActiveCfg = Release|Any CPU
		{4B20E1D4-67E4-4281-8C2E-7D767C0C3150}.Release|Any CPU.Build.0 = Release|Any CPU
	EndGlobalSection
	GlobalSection(SolutionProperties) = preSolution
		HideSolutionNode = FALSE
	EndGlobalSection
	GlobalSection(ExtensibilityGlobals) = postSolution
		SolutionGuid = {BE788550-F874-40AA-9D6B-3804669466BB}
	EndGlobalSection
EndGlobal
